
Microsoft Visual Studio Solution File, Format Version 12.00
# Visual Studio Version 17
VisualStudioVersion = 17.10.35013.160
MinimumVisualStudioVersion = 10.0.40219.1
Project("{FAE04EC0-301F-11D3-BF4B-00C04F79EFBC}") = "Dream_Housing", "Dream_Housing\Dream_Housing.csproj", "{B3E21C30-47D9-42D7-A86D-26D2A326F4A5}"
EndProject
Global
	GlobalSection(SolutionConfigurationPlatforms) = preSolution
		Debug|Any CPU = Debug|Any CPU
		Release|Any CPU = Release|Any CPU
	EndGlobalSection
	GlobalSection(ProjectConfigurationPlatforms) = postSolution
		{B3E21C30-47D9-42D7-A86D-26D2A326F4A5}.Debug|Any CPU.ActiveCfg = Debug|Any CPU
		{B3E21C30-47D9-42D7-A86D-26D2A326F4A5}.Debug|Any CPU.Build.0 = Debug|Any CPU
		{B3E21C30-47D9-42D7-A86D-26D2A326F4A5}.Release|Any CPU.ActiveCfg = Release|Any CPU
		{B3E21C30-47D9-42D7-A86D-26D2A326F4A5}.Release|Any CPU.Build.0 = Release|Any CPU
	EndGlobalSection
	GlobalSection(SolutionProperties) = preSolution
		HideSolutionNode = FALSE
	EndGlobalSection
	GlobalSection(ExtensibilityGlobals) = postSolution
		SolutionGuid = {66E908C5-6C35-41E1-BA80-438B4A5856B6}
	EndGlobalSection
EndGlobal
